
Microsoft Visual Studio Solution File, Format Version 12.00
# Visual Studio 15
VisualStudioVersion = 15.0.26124.0
MinimumVisualStudioVersion = 15.0.26124.0
Project("{2150E333-8FDC-42A3-9474-1A3956D46DE8}") = "src", "src", "{D3CF71C4-0E42-4C8E-9984-5507A1F6878F}"
EndProject
Project("{FAE04EC0-301F-11D3-BF4B-00C04F79EFBC}") = "Api", "src\Api\Api.csproj", "{15E8E5D7-1412-4F0D-9703-83C943016D32}"
EndProject
Global
	GlobalSection(SolutionConfigurationPlatforms) = preSolution
		Debug|Any CPU = Debug|Any CPU
		Debug|x64 = Debug|x64
		Debug|x86 = Debug|x86
		Release|Any CPU = Release|Any CPU
		Release|x64 = Release|x64
		Release|x86 = Release|x86
	EndGlobalSection
	GlobalSection(SolutionProperties) = preSolution
		HideSolutionNode = FALSE
	EndGlobalSection
	GlobalSection(ProjectConfigurationPlatforms) = postSolution
		{15E8E5D7-1412-4F0D-9703-83C943016D32}.Debug|Any CPU.ActiveCfg = Debug|Any CPU
		{15E8E5D7-1412-4F0D-9703-83C943016D32}.Debug|Any CPU.Build.0 = Debug|Any CPU
		{15E8E5D7-1412-4F0D-9703-83C943016D32}.Debug|x64.ActiveCfg = Debug|x64
		{15E8E5D7-1412-4F0D-9703-83C943016D32}.Debug|x64.Build.0 = Debug|x64
		{15E8E5D7-1412-4F0D-9703-83C943016D32}.Debug|x86.ActiveCfg = Debug|x86
		{15E8E5D7-1412-4F0D-9703-83C943016D32}.Debug|x86.Build.0 = Debug|x86
		{15E8E5D7-1412-4F0D-9703-83C943016D32}.Release|Any CPU.ActiveCfg = Release|Any CPU
		{15E8E5D7-1412-4F0D-9703-83C943016D32}.Release|Any CPU.Build.0 = Release|Any CPU
		{15E8E5D7-1412-4F0D-9703-83C943016D32}.Release|x64.ActiveCfg = Release|x64
		{15E8E5D7-1412-4F0D-9703-83C943016D32}.Release|x64.Build.0 = Release|x64
		{15E8E5D7-1412-4F0D-9703-83C943016D32}.Release|x86.ActiveCfg = Release|x86
		{15E8E5D7-1412-4F0D-9703-83C943016D32}.Release|x86.Build.0 = Release|x86
	EndGlobalSection
	GlobalSection(NestedProjects) = preSolution
		{15E8E5D7-1412-4F0D-9703-83C943016D32} = {D3CF71C4-0E42-4C8E-9984-5507A1F6878F}
	EndGlobalSection
EndGlobal
